lockfileVersion: '6.0'

settings:
  autoInstallPeers: true
  excludeLinksFromLockfile: false

dependencies:
  jose:
    specifier: ^5.2.4
    version: 5.2.4

devDependencies:
  '@types/node':
    specifier: ^20.12.7
    version: 20.12.7
  typescript:
    specifier: ^5.4.5
    version: 5.4.5

packages:

  /@types/node@20.12.7:
    resolution: {integrity: sha512-wq0cICSkRLVaf3UGLMGItu/PtdY7oaXaI/RVU+xliKVOtRna3PRY57ZDfztpDL0n11vfymMUnXv8QwYCO7L1wg==}
    dependencies:
      undici-types: 5.26.5
    dev: true

  /jose@5.2.4:
    resolution: {integrity: sha512-6ScbIk2WWCeXkmzF6bRPmEuaqy1m8SbsRFMa/FLrSCkGIhj8OLVG/IH+XHVmNMx/KUo8cVWEE6oKR4dJ+S0Rkg==}
    dev: false

  /typescript@5.4.5:
    resolution: {integrity: sha512-vcI4UpRgg81oIRUFwR0WSIHKt11nJ7SAVlYNIu+QpqeyXP+gpQJy/Z4+F0aGxSE4MqwjyXvW/TzgkLAx2AGHwQ==}
    engines: {node: '>=14.17'}
    hasBin: true
    dev: true

  /undici-types@5.26.5:
    resolution: {integrity: sha512-JlCMO+ehdEIKqlFxk6IfVoAUVmgz7cU7zD/h9XZ0qzeosSHmUJVOzSQvvYSYWXkFXC+IfLKSIffhv0sVZup6pA==}
    dev: true
